// !$*UTF8*$!
{
	archiveVersion = 1;
	classes = {
	};
	objectVersion = 50;
	objects = {

/* Begin PBXBuildFile section */
		025D856DC6059D23D3AEED5F /* Pods_IOSTask2B_IOSTask2BUITests.framework in Frameworks */ = {isa = PBXBuildFile; fileRef = 6F99520602CC2FDA455AB693 /* Pods_IOSTask2B_IOSTask2BUITests.framework */; };
		5B72219227FA33350047504C /* AppDelegate.swift in Sources */ = {isa = PBXBuildFile; fileRef = 5B72219127FA33350047504C /* AppDelegate.swift */; };
		5B72219427FA33350047504C /* SceneDelegate.swift in Sources */ = {isa = PBXBuildFile; fileRef = 5B72219327FA33350047504C /* SceneDelegate.swift */; };
		5B72219B27FA333D0047504C /* Assets.xcassets in Resources */ = {isa = PBXBuildFile; fileRef = 5B72219A27FA333D0047504C /* Assets.xcassets */; };
		5B72219E27FA333D0047504C /* LaunchScreen.storyboard in Resources */ = {isa = PBXBuildFile; fileRef = 5B72219C27FA333D0047504C /* LaunchScreen.storyboard */; };
		5B7221A927FA333D0047504C /* IOSTask2BTests.swift in Sources */ = {isa = PBXBuildFile; fileRef = 5B7221A827FA333D0047504C /* IOSTask2BTests.swift */; };
		5B7221B427FA333E0047504C /* IOSTask2BUITests.swift in Sources */ = {isa = PBXBuildFile; fileRef = 5B7221B327FA333E0047504C /* IOSTask2BUITests.swift */; };
		5B7221E327FA37B30047504C /* movies.json in Resources */ = {isa = PBXBuildFile; fileRef = 5B7221E227FA37B30047504C /* movies.json */; };
		5B7221E827FA390A0047504C /* MoviesListView.swift in Sources */ = {isa = PBXBuildFile; fileRef = 5B7221E727FA390A0047504C /* MoviesListView.swift */; };
		5B7221ED27FA39180047504C /* MoviesListView.xib in Resources */ = {isa = PBXBuildFile; fileRef = 5B7221EC27FA39180047504C /* MoviesListView.xib */; };
		5B72224327FA39F00047504C /* ReusableViewProtocol.swift in Sources */ = {isa = PBXBuildFile; fileRef = 5B72224227FA39F00047504C /* ReusableViewProtocol.swift */; };
		5B72224D27FA3C1A0047504C /* MoviesListVC.swift in Sources */ = {isa = PBXBuildFile; fileRef = 5B72224B27FA3C1A0047504C /* MoviesListVC.swift */; };
		5B72224E27FA3C1A0047504C /* MoviesListVC.xib in Resources */ = {isa = PBXBuildFile; fileRef = 5B72224C27FA3C1A0047504C /* MoviesListVC.xib */; };
		5B72226327FA3DAB0047504C /* SearchBarView.swift in Sources */ = {isa = PBXBuildFile; fileRef = 5B72226227FA3DAB0047504C /* SearchBarView.swift */; };
		5BC714F127FB303B0092D3FD /* MovieDetailsVC.swift in Sources */ = {isa = PBXBuildFile; fileRef = 5BC714EF27FB303B0092D3FD /* MovieDetailsVC.swift */; };
		5BC714F227FB303B0092D3FD /* MovieDetailsVC.xib in Resources */ = {isa = PBXBuildFile; fileRef = 5BC714F027FB303B0092D3FD /* MovieDetailsVC.xib */; };
		5BC7152327FB55390092D3FD /* MovieDetailsView.swift in Sources */ = {isa = PBXBuildFile; fileRef = 5BC7152127FB55390092D3FD /* MovieDetailsView.swift */; };
		5BC7152427FB55390092D3FD /* MovieDetailsView.xib in Resources */ = {isa = PBXBuildFile; fileRef = 5BC7152227FB55390092D3FD /* MovieDetailsView.xib */; };
		5BC7152D27FB55570092D3FD /* MovieDetailsHeader.swift in Sources */ = {isa = PBXBuildFile; fileRef = 5BC7152B27FB55570092D3FD /* MovieDetailsHeader.swift */; };
		5BC7152E27FB55570092D3FD /* MovieDetailsHeader.xib in Resources */ = {isa = PBXBuildFile; fileRef = 5BC7152C27FB55570092D3FD /* MovieDetailsHeader.xib */; };
		5BC7153327FB67A20092D3FD /* MovieDetailsPresenter.swift in Sources */ = {isa = PBXBuildFile; fileRef = 5BC7153227FB67A20092D3FD /* MovieDetailsPresenter.swift */; };
		5BC7153F27FB68060092D3FD /* MovieDetailsViewProtocol.swift in Sources */ = {isa = PBXBuildFile; fileRef = 5BC7153E27FB68060092D3FD /* MovieDetailsViewProtocol.swift */; };
		5BC7154827FB692B0092D3FD /* MovieDetails.swift in Sources */ = {isa = PBXBuildFile; fileRef = 5BC7154727FB692B0092D3FD /* MovieDetails.swift */; };
		5BC7155127FB6A1D0092D3FD /* MovieDetailsPresenterProtocol.swift in Sources */ = {isa = PBXBuildFile; fileRef = 5BC7155027FB6A1D0092D3FD /* MovieDetailsPresenterProtocol.swift */; };
		5BFAAEA227FA3F9C00F8BF84 /* SearchBarView.xib in Resources */ = {isa = PBXBuildFile; fileRef = 5BFAAEA127FA3F9C00F8BF84 /* SearchBarView.xib */; };
		5BFAAEA727FA409700F8BF84 /* LocalDataReader.swift in Sources */ = {isa = PBXBuildFile; fileRef = 5BFAAEA627FA409700F8BF84 /* LocalDataReader.swift */; };
		5BFAAEAC27FA412B00F8BF84 /* Movies.swift in Sources */ = {isa = PBXBuildFile; fileRef = 5BFAAEAB27FA412B00F8BF84 /* Movies.swift */; };
		5BFAAEB827FA420600F8BF84 /* StorageHandlerProtocol.swift in Sources */ = {isa = PBXBuildFile; fileRef = 5BFAAEB727FA420600F8BF84 /* StorageHandlerProtocol.swift */; };
		5BFAAEBD27FA43F800F8BF84 /* MoviesListPresenter.swift in Sources */ = {isa = PBXBuildFile; fileRef = 5BFAAEBC27FA43F800F8BF84 /* MoviesListPresenter.swift */; };
		5BFAAEC627FA44BB00F8BF84 /* MoviesListPresenterProtocol.swift in Sources */ = {isa = PBXBuildFile; fileRef = 5BFAAEC527FA44BB00F8BF84 /* MoviesListPresenterProtocol.swift */; };
		5BFAAECB27FA45B300F8BF84 /* MoviesListProtocol.swift in Sources */ = {isa = PBXBuildFile; fileRef = 5BFAAECA27FA45B300F8BF84 /* MoviesListProtocol.swift */; };
		5BFAAED327FA51D600F8BF84 /* AppRouter.swift in Sources */ = {isa = PBXBuildFile; fileRef = 5BFAAED227FA51D600F8BF84 /* AppRouter.swift */; };
		5BFAAEE227FA651C00F8BF84 /* SearchViewDelegate.swift in Sources */ = {isa = PBXBuildFile; fileRef = 5BFAAEE127FA651C00F8BF84 /* SearchViewDelegate.swift */; };
		5BFAAEE727FA758100F8BF84 /* MoviesCategories.swift in Sources */ = {isa = PBXBuildFile; fileRef = 5BFAAEE627FA758100F8BF84 /* MoviesCategories.swift */; };
		5BFAAEF927FB15F400F8BF84 /* MoviesListRoutingProtocol.swift in Sources */ = {isa = PBXBuildFile; fileRef = 5BFAAEF827FB15F400F8BF84 /* MoviesListRoutingProtocol.swift */; };
		5BFAAEFE27FB170E00F8BF84 /* MoviesListRouter.swift in Sources */ = {isa = PBXBuildFile; fileRef = 5BFAAEFD27FB170E00F8BF84 /* MoviesListRouter.swift */; };
		5BFAAF0327FB192700F8BF84 /* MoviesListDelegate.swift in Sources */ = {isa = PBXBuildFile; fileRef = 5BFAAF0227FB192700F8BF84 /* MoviesListDelegate.swift */; };
		7A46FE5D184BF39E111CD0A5 /* Pods_IOSTask2BTests.framework in Frameworks */ = {isa = PBXBuildFile; fileRef = C0EBDB4032A7EB575961596A /* Pods_IOSTask2BTests.framework */; };
		E2852B51AD2E35046763F738 /* Pods_IOSTask2B.framework in Frameworks */ = {isa = PBXBuildFile; fileRef = E8F9BE49028EF2E19D3C765D /* Pods_IOSTask2B.framework */; };
/* End PBXBuildFile section */

/* Begin PBXContainerItemProxy section */
		5B7221A527FA333D0047504C /* PBXContainerItemProxy */ = {
			isa = PBXContainerItemProxy;
			containerPortal = 5B72218627FA33350047504C /* Project object */;
			proxyType = 1;
			remoteGlobalIDString = 5B72218D27FA33350047504C;
			remoteInfo = IOSTask2B;
		};
		5B7221B027FA333E0047504C /* PBXContainerItemProxy */ = {
			isa = PBXContainerItemProxy;
			containerPortal = 5B72218627FA33350047504C /* Project object */;
			proxyType = 1;
			remoteGlobalIDString = 5B72218D27FA33350047504C;
			remoteInfo = IOSTask2B;
		};
/* End PBXContainerItemProxy section */

/* Begin PBXFileReference section */
		1D6EF87196E11C99AE705DFF /* Pods-IOSTask2B.release.xcconfig */ = {isa = PBXFileReference; includeInIndex = 1; lastKnownFileType = text.xcconfig; name = "Pods-IOSTask2B.release.xcconfig"; path = "Target Support Files/Pods-IOSTask2B/Pods-IOSTask2B.release.xcconfig"; sourceTree = "<group>"; };
		443E5F04E5E13EFCC4A175C2 /* Pods-IOSTask2B-IOSTask2BUITests.debug.xcconfig */ = {isa = PBXFileReference; includeInIndex = 1; lastKnownFileType = text.xcconfig; name = "Pods-IOSTask2B-IOSTask2BUITests.debug.xcconfig"; path = "Target Support Files/Pods-IOSTask2B-IOSTask2BUITests/Pods-IOSTask2B-IOSTask2BUITests.debug.xcconfig"; sourceTree = "<group>"; };
		5B72218E27FA33350047504C /* IOSTask2B.app */ = {isa = PBXFileReference; explicitFileType = wrapper.application; includeInIndex = 0; path = IOSTask2B.app; sourceTree = BUILT_PRODUCTS_DIR; };
		5B72219127FA33350047504C /* AppDelegate.swift */ = {isa = PBXFileReference; lastKnownFileType = sourcecode.swift; path = AppDelegate.swift; sourceTree = "<group>"; };
		5B72219327FA33350047504C /* SceneDelegate.swift */ = {isa = PBXFileReference; lastKnownFileType = sourcecode.swift; path = SceneDelegate.swift; sourceTree = "<group>"; };
		5B72219A27FA333D0047504C /* Assets.xcassets */ = {isa = PBXFileReference; lastKnownFileType = folder.assetcatalog; path = Assets.xcassets; sourceTree = "<group>"; };
		5B72219D27FA333D0047504C /* Base */ = {isa = PBXFileReference; lastKnownFileType = file.storyboard; name = Base; path = Base.lproj/LaunchScreen.storyboard; sourceTree = "<group>"; };
		5B72219F27FA333D0047504C /* Info.plist */ = {isa = PBXFileReference; lastKnownFileType = text.plist.xml; path = Info.plist; sourceTree = "<group>"; };
		5B7221A427FA333D0047504C /* IOSTask2BTests.xctest */ = {isa = PBXFileReference; explicitFileType = wrapper.cfbundle; includeInIndex = 0; path = IOSTask2BTests.xctest; sourceTree = BUILT_PRODUCTS_DIR; };
		5B7221A827FA333D0047504C /* IOSTask2BTests.swift */ = {isa = PBXFileReference; lastKnownFileType = sourcecode.swift; path = IOSTask2BTests.swift; sourceTree = "<group>"; };
		5B7221AA27FA333D0047504C /* Info.plist */ = {isa = PBXFileReference; lastKnownFileType = text.plist.xml; path = Info.plist; sourceTree = "<group>"; };
		5B7221AF27FA333E0047504C /* IOSTask2BUITests.xctest */ = {isa = PBXFileReference; explicitFileType = wrapper.cfbundle; includeInIndex = 0; path = IOSTask2BUITests.xctest; sourceTree = BUILT_PRODUCTS_DIR; };
		5B7221B327FA333E0047504C /* IOSTask2BUITests.swift */ = {isa = PBXFileReference; lastKnownFileType = sourcecode.swift; path = IOSTask2BUITests.swift; sourceTree = "<group>"; };
		5B7221B527FA333E0047504C /* Info.plist */ = {isa = PBXFileReference; lastKnownFileType = text.plist.xml; path = Info.plist; sourceTree = "<group>"; };
		5B7221E227FA37B30047504C /* movies.json */ = {isa = PBXFileReference; fileEncoding = 4; lastKnownFileType = text.json; path = movies.json; sourceTree = "<group>"; };
		5B7221E727FA390A0047504C /* MoviesListView.swift */ = {isa = PBXFileReference; lastKnownFileType = sourcecode.swift; path = MoviesListView.swift; sourceTree = "<group>"; };
		5B7221EC27FA39180047504C /* MoviesListView.xib */ = {isa = PBXFileReference; lastKnownFileType = file.xib; path = MoviesListView.xib; sourceTree = "<group>"; };
		5B72224227FA39F00047504C /* ReusableViewProtocol.swift */ = {isa = PBXFileReference; lastKnownFileType = sourcecode.swift; path = ReusableViewProtocol.swift; sourceTree = "<group>"; };
		5B72224B27FA3C1A0047504C /* MoviesListVC.swift */ = {isa = PBXFileReference; lastKnownFileType = sourcecode.swift; path = MoviesListVC.swift; sourceTree = "<group>"; };
		5B72224C27FA3C1A0047504C /* MoviesListVC.xib */ = {isa = PBXFileReference; lastKnownFileType = file.xib; path = MoviesListVC.xib; sourceTree = "<group>"; };
		5B72226227FA3DAB0047504C /* SearchBarView.swift */ = {isa = PBXFileReference; lastKnownFileType = sourcecode.swift; path = SearchBarView.swift; sourceTree = "<group>"; };
		5BC714EF27FB303B0092D3FD /* MovieDetailsVC.swift */ = {isa = PBXFileReference; lastKnownFileType = sourcecode.swift; path = MovieDetailsVC.swift; sourceTree = "<group>"; };
		5BC714F027FB303B0092D3FD /* MovieDetailsVC.xib */ = {isa = PBXFileReference; lastKnownFileType = file.xib; path = MovieDetailsVC.xib; sourceTree = "<group>"; };
		5BC7152127FB55390092D3FD /* MovieDetailsView.swift */ = {isa = PBXFileReference; fileEncoding = 4; lastKnownFileType = sourcecode.swift; path = MovieDetailsView.swift; sourceTree = "<group>"; };
		5BC7152227FB55390092D3FD /* MovieDetailsView.xib */ = {isa = PBXFileReference; fileEncoding = 4; lastKnownFileType = file.xib; path = MovieDetailsView.xib; sourceTree = "<group>"; };
		5BC7152B27FB55570092D3FD /* MovieDetailsHeader.swift */ = {isa = PBXFileReference; fileEncoding = 4; lastKnownFileType = sourcecode.swift; path = MovieDetailsHeader.swift; sourceTree = "<group>"; };
		5BC7152C27FB55570092D3FD /* MovieDetailsHeader.xib */ = {isa = PBXFileReference; fileEncoding = 4; lastKnownFileType = file.xib; path = MovieDetailsHeader.xib; sourceTree = "<group>"; };
		5BC7153227FB67A20092D3FD /* MovieDetailsPresenter.swift */ = {isa = PBXFileReference; lastKnownFileType = sourcecode.swift; path = MovieDetailsPresenter.swift; sourceTree = "<group>"; };
		5BC7153E27FB68060092D3FD /* MovieDetailsViewProtocol.swift */ = {isa = PBXFileReference; lastKnownFileType = sourcecode.swift; path = MovieDetailsViewProtocol.swift; sourceTree = "<group>"; };
		5BC7154727FB692B0092D3FD /* MovieDetails.swift */ = {isa = PBXFileReference; lastKnownFileType = sourcecode.swift; path = MovieDetails.swift; sourceTree = "<group>"; };
		5BC7155027FB6A1D0092D3FD /* MovieDetailsPresenterProtocol.swift */ = {isa = PBXFileReference; lastKnownFileType = sourcecode.swift; path = MovieDetailsPresenterProtocol.swift; sourceTree = "<group>"; };
		5BFAAEA127FA3F9C00F8BF84 /* SearchBarView.xib */ = {isa = PBXFileReference; fileEncoding = 4; lastKnownFileType = file.xib; path = SearchBarView.xib; sourceTree = "<group>"; };
		5BFAAEA627FA409700F8BF84 /* LocalDataReader.swift */ = {isa = PBXFileReference; lastKnownFileType = sourcecode.swift; path = LocalDataReader.swift; sourceTree = "<group>"; };
		5BFAAEAB27FA412B00F8BF84 /* Movies.swift */ = {isa = PBXFileReference; lastKnownFileType = sourcecode.swift; path = Movies.swift; sourceTree = "<group>"; };
		5BFAAEB727FA420600F8BF84 /* StorageHandlerProtocol.swift */ = {isa = PBXFileReference; lastKnownFileType = sourcecode.swift; path = StorageHandlerProtocol.swift; sourceTree = "<group>"; };
		5BFAAEBC27FA43F800F8BF84 /* MoviesListPresenter.swift */ = {isa = PBXFileReference; lastKnownFileType = sourcecode.swift; path = MoviesListPresenter.swift; sourceTree = "<group>"; };
		5BFAAEC527FA44BB00F8BF84 /* MoviesListPresenterProtocol.swift */ = {isa = PBXFileReference; lastKnownFileType = sourcecode.swift; path = MoviesListPresenterProtocol.swift; sourceTree = "<group>"; };
		5BFAAECA27FA45B300F8BF84 /* MoviesListProtocol.swift */ = {isa = PBXFileReference; lastKnownFileType = sourcecode.swift; path = MoviesListProtocol.swift; sourceTree = "<group>"; };
		5BFAAED227FA51D600F8BF84 /* AppRouter.swift */ = {isa = PBXFileReference; lastKnownFileType = sourcecode.swift; path = AppRouter.swift; sourceTree = "<group>"; };
		5BFAAEE127FA651C00F8BF84 /* SearchViewDelegate.swift */ = {isa = PBXFileReference; lastKnownFileType = sourcecode.swift; path = SearchViewDelegate.swift; sourceTree = "<group>"; };
		5BFAAEE627FA758100F8BF84 /* MoviesCategories.swift */ = {isa = PBXFileReference; lastKnownFileType = sourcecode.swift; path = MoviesCategories.swift; sourceTree = "<group>"; };
		5BFAAEF827FB15F400F8BF84 /* MoviesListRoutingProtocol.swift */ = {isa = PBXFileReference; lastKnownFileType = sourcecode.swift; path = MoviesListRoutingProtocol.swift; sourceTree = "<group>"; };
		5BFAAEFD27FB170E00F8BF84 /* MoviesListRouter.swift */ = {isa = PBXFileReference; lastKnownFileType = sourcecode.swift; path = MoviesListRouter.swift; sourceTree = "<group>"; };
		5BFAAF0227FB192700F8BF84 /* MoviesListDelegate.swift */ = {isa = PBXFileReference; lastKnownFileType = sourcecode.swift; path = MoviesListDelegate.swift; sourceTree = "<group>"; };
		6F99520602CC2FDA455AB693 /* Pods_IOSTask2B_IOSTask2BUITests.framework */ = {isa = PBXFileReference; explicitFileType = wrapper.framework; includeInIndex = 0; path = Pods_IOSTask2B_IOSTask2BUITests.framework; sourceTree = BUILT_PRODUCTS_DIR; };
		C0EBDB4032A7EB575961596A /* Pods_IOSTask2BTests.framework */ = {isa = PBXFileReference; explicitFileType = wrapper.framework; includeInIndex = 0; path = Pods_IOSTask2BTests.framework; sourceTree = BUILT_PRODUCTS_DIR; };
		D0957C61ADB5B71253D207F1 /* Pods-IOSTask2B.debug.xcconfig */ = {isa = PBXFileReference; includeInIndex = 1; lastKnownFileType = text.xcconfig; name = "Pods-IOSTask2B.debug.xcconfig"; path = "Target Support Files/Pods-IOSTask2B/Pods-IOSTask2B.debug.xcconfig"; sourceTree = "<group>"; };
		E8F9BE49028EF2E19D3C765D /* Pods_IOSTask2B.framework */ = {isa = PBXFileReference; explicitFileType = wrapper.framework; includeInIndex = 0; path = Pods_IOSTask2B.framework; sourceTree = BUILT_PRODUCTS_DIR; };
		F16BE6E1C762DA96182B4C0C /* Pods-IOSTask2BTests.release.xcconfig */ = {isa = PBXFileReference; includeInIndex = 1; lastKnownFileType = text.xcconfig; name = "Pods-IOSTask2BTests.release.xcconfig"; path = "Target Support Files/Pods-IOSTask2BTests/Pods-IOSTask2BTests.release.xcconfig"; sourceTree = "<group>"; };
		F1FB593A12BABED4A3E3898C /* Pods-IOSTask2BTests.debug.xcconfig */ = {isa = PBXFileReference; includeInIndex = 1; lastKnownFileType = text.xcconfig; name = "Pods-IOSTask2BTests.debug.xcconfig"; path = "Target Support Files/Pods-IOSTask2BTests/Pods-IOSTask2BTests.debug.xcconfig"; sourceTree = "<group>"; };
		F3AECEDB957F8A6CC06E658E /* Pods-IOSTask2B-IOSTask2BUITests.release.xcconfig */ = {isa = PBXFileReference; includeInIndex = 1; lastKnownFileType = text.xcconfig; name = "Pods-IOSTask2B-IOSTask2BUITests.release.xcconfig"; path = "Target Support Files/Pods-IOSTask2B-IOSTask2BUITests/Pods-IOSTask2B-IOSTask2BUITests.release.xcconfig"; sourceTree = "<group>"; };
/* End PBXFileReference section */

/* Begin PBXFrameworksBuildPhase section */
		5B72218B27FA33350047504C /* Frameworks */ = {
			isa = PBXFrameworksBuildPhase;
			buildActionMask = 2147483647;
			files = (
				E2852B51AD2E35046763F738 /* Pods_IOSTask2B.framework in Frameworks */,
			);
			runOnlyForDeploymentPostprocessing = 0;
		};
		5B7221A127FA333D0047504C /* Frameworks */ = {
			isa = PBXFrameworksBuildPhase;
			buildActionMask = 2147483647;
			files = (
				7A46FE5D184BF39E111CD0A5 /* Pods_IOSTask2BTests.framework in Frameworks */,
			);
			runOnlyForDeploymentPostprocessing = 0;
		};
		5B7221AC27FA333E0047504C /* Frameworks */ = {
			isa = PBXFrameworksBuildPhase;
			buildActionMask = 2147483647;
			files = (
				025D856DC6059D23D3AEED5F /* Pods_IOSTask2B_IOSTask2BUITests.framework in Frameworks */,
			);
			runOnlyForDeploymentPostprocessing = 0;
		};
/* End PBXFrameworksBuildPhase section */

/* Begin PBXGroup section */
		5B72218527FA33350047504C = {
			isa = PBXGroup;
			children = (
				5B72219027FA33350047504C /* IOSTask2B */,
				5B7221A727FA333D0047504C /* IOSTask2BTests */,
				5B7221B227FA333E0047504C /* IOSTask2BUITests */,
				5B72218F27FA33350047504C /* Products */,
				E4BDCCFA6EA7E3A7902E0DF1 /* Pods */,
				8381A672F4DF0EB3E134BA44 /* Frameworks */,
			);
			sourceTree = "<group>";
		};
		5B72218F27FA33350047504C /* Products */ = {
			isa = PBXGroup;
			children = (
				5B72218E27FA33350047504C /* IOSTask2B.app */,
				5B7221A427FA333D0047504C /* IOSTask2BTests.xctest */,
				5B7221AF27FA333E0047504C /* IOSTask2BUITests.xctest */,
			);
			name = Products;
			sourceTree = "<group>";
		};
		5B72219027FA33350047504C /* IOSTask2B */ = {
			isa = PBXGroup;
			children = (
				5B7221E127FA37870047504C /* DataFiles */,
				5B7221E027FA376F0047504C /* Scenes */,
				5B7221C427FA33AD0047504C /* SupportingFiles */,
				5BFAAED127FA510100F8BF84 /* Common */,
			);
			path = IOSTask2B;
			sourceTree = "<group>";
		};
		5B7221A727FA333D0047504C /* IOSTask2BTests */ = {
			isa = PBXGroup;
			children = (
				5B7221A827FA333D0047504C /* IOSTask2BTests.swift */,
				5B7221AA27FA333D0047504C /* Info.plist */,
			);
			path = IOSTask2BTests;
			sourceTree = "<group>";
		};
		5B7221B227FA333E0047504C /* IOSTask2BUITests */ = {
			isa = PBXGroup;
			children = (
				5B7221B327FA333E0047504C /* IOSTask2BUITests.swift */,
				5B7221B527FA333E0047504C /* Info.plist */,
			);
			path = IOSTask2BUITests;
			sourceTree = "<group>";
		};
		5B7221C427FA33AD0047504C /* SupportingFiles */ = {
			isa = PBXGroup;
			children = (
				5B72219127FA33350047504C /* AppDelegate.swift */,
				5B72219327FA33350047504C /* SceneDelegate.swift */,
				5B72219A27FA333D0047504C /* Assets.xcassets */,
				5B72219C27FA333D0047504C /* LaunchScreen.storyboard */,
				5B72219F27FA333D0047504C /* Info.plist */,
			);
			path = SupportingFiles;
			sourceTree = "<group>";
		};
		5B7221E027FA376F0047504C /* Scenes */ = {
			isa = PBXGroup;
			children = (
				5B72225227FA3D3A0047504C /* MoviesList */,
				5BFAAFC127FB2C7300F8BF84 /* MovieDetails */,
			);
			path = Scenes;
			sourceTree = "<group>";
		};
		5B7221E127FA37870047504C /* DataFiles */ = {
			isa = PBXGroup;
			children = (
				5B7221E227FA37B30047504C /* movies.json */,
			);
			path = DataFiles;
			sourceTree = "<group>";
		};
		5B72224727FA3A030047504C /* Protocols */ = {
			isa = PBXGroup;
			children = (
				5B72224227FA39F00047504C /* ReusableViewProtocol.swift */,
				5BFAAEB727FA420600F8BF84 /* StorageHandlerProtocol.swift */,
				5BFAAED227FA51D600F8BF84 /* AppRouter.swift */,
			);
			path = Protocols;
			sourceTree = "<group>";
		};
		5B72225227FA3D3A0047504C /* MoviesList */ = {
			isa = PBXGroup;
			children = (
				5BFAAEB027FA413600F8BF84 /* Model */,
				5B72225627FA3D500047504C /* View */,
				5BFAAEC127FA43FD00F8BF84 /* Presenter */,
				5BFAAEDA27FA64F500F8BF84 /* Protocols */,
				5BFAAEFD27FB170E00F8BF84 /* MoviesListRouter.swift */,
			);
			path = MoviesList;
			sourceTree = "<group>";
		};
		5B72225627FA3D500047504C /* View */ = {
			isa = PBXGroup;
			children = (
				5B72225E27FA3D6F0047504C /* MoviesListVC */,
				5B72225A27FA3D5B0047504C /* MoviesListView */,
				5B72226C27FA3DFC0047504C /* SearchBarView */,
			);
			path = View;
			sourceTree = "<group>";
		};
		5B72225A27FA3D5B0047504C /* MoviesListView */ = {
			isa = PBXGroup;
			children = (
				5B7221E727FA390A0047504C /* MoviesListView.swift */,
				5B7221EC27FA39180047504C /* MoviesListView.xib */,
			);
			path = MoviesListView;
			sourceTree = "<group>";
		};
		5B72225E27FA3D6F0047504C /* MoviesListVC */ = {
			isa = PBXGroup;
			children = (
				5B72224B27FA3C1A0047504C /* MoviesListVC.swift */,
				5B72224C27FA3C1A0047504C /* MoviesListVC.xib */,
			);
			path = MoviesListVC;
			sourceTree = "<group>";
		};
		5B72226C27FA3DFC0047504C /* SearchBarView */ = {
			isa = PBXGroup;
			children = (
				5B72226227FA3DAB0047504C /* SearchBarView.swift */,
				5BFAAEA127FA3F9C00F8BF84 /* SearchBarView.xib */,
			);
			path = SearchBarView;
			sourceTree = "<group>";
		};
		5BC714F927FB30700092D3FD /* MovieDetailsVC */ = {
			isa = PBXGroup;
			children = (
				5BC714EF27FB303B0092D3FD /* MovieDetailsVC.swift */,
				5BC714F027FB303B0092D3FD /* MovieDetailsVC.xib */,
			);
			path = MovieDetailsVC;
			sourceTree = "<group>";
		};
		5BC7153A27FB67C60092D3FD /* Presenter */ = {
			isa = PBXGroup;
			children = (
				5BC7153227FB67A20092D3FD /* MovieDetailsPresenter.swift */,
			);
			path = Presenter;
			sourceTree = "<group>";
		};
		5BC7154327FB68750092D3FD /* Protocols */ = {
			isa = PBXGroup;
			children = (
				5BC7153E27FB68060092D3FD /* MovieDetailsViewProtocol.swift */,
				5BC7155027FB6A1D0092D3FD /* MovieDetailsPresenterProtocol.swift */,
			);
			path = Protocols;
			sourceTree = "<group>";
		};
		5BC7154C27FB69FE0092D3FD /* Model */ = {
			isa = PBXGroup;
			children = (
				5BC7154727FB692B0092D3FD /* MovieDetails.swift */,
			);
			path = Model;
			sourceTree = "<group>";
		};
		5BFAAEB027FA413600F8BF84 /* Model */ = {
			isa = PBXGroup;
			children = (
				5BFAAEAB27FA412B00F8BF84 /* Movies.swift */,
				5BFAAEE627FA758100F8BF84 /* MoviesCategories.swift */,
			);
			path = Model;
			sourceTree = "<group>";
		};
		5BFAAEC127FA43FD00F8BF84 /* Presenter */ = {
			isa = PBXGroup;
			children = (
				5BFAAEBC27FA43F800F8BF84 /* MoviesListPresenter.swift */,
			);
			path = Presenter;
			sourceTree = "<group>";
		};
		5BFAAED127FA510100F8BF84 /* Common */ = {
			isa = PBXGroup;
			children = (
				5B72224727FA3A030047504C /* Protocols */,
				5BFAAEA627FA409700F8BF84 /* LocalDataReader.swift */,
			);
			path = Common;
			sourceTree = "<group>";
		};
		5BFAAEDA27FA64F500F8BF84 /* Protocols */ = {
			isa = PBXGroup;
			children = (
				5BFAAEC527FA44BB00F8BF84 /* MoviesListPresenterProtocol.swift */,
				5BFAAECA27FA45B300F8BF84 /* MoviesListProtocol.swift */,
				5BFAAEE127FA651C00F8BF84 /* SearchViewDelegate.swift */,
				5BFAAEF827FB15F400F8BF84 /* MoviesListRoutingProtocol.swift */,
				5BFAAF0227FB192700F8BF84 /* MoviesListDelegate.swift */,
			);
			path = Protocols;
			sourceTree = "<group>";
		};
		5BFAAFC027FB2C6400F8BF84 /* MovieDetailsHeader */ = {
			isa = PBXGroup;
			children = (
				5BC7152B27FB55570092D3FD /* MovieDetailsHeader.swift */,
				5BC7152C27FB55570092D3FD /* MovieDetailsHeader.xib */,
			);
			path = MovieDetailsHeader;
			sourceTree = "<group>";
		};
		5BFAAFC127FB2C7300F8BF84 /* MovieDetails */ = {
			isa = PBXGroup;
			children = (
				5BC7154C27FB69FE0092D3FD /* Model */,
				5BFAAFCA27FB2CCB00F8BF84 /* View */,
				5BC7153A27FB67C60092D3FD /* Presenter */,
				5BC7154327FB68750092D3FD /* Protocols */,
			);
			path = MovieDetails;
			sourceTree = "<group>";
		};
		5BFAAFCA27FB2CCB00F8BF84 /* View */ = {
			isa = PBXGroup;
			children = (
				5BC714F927FB30700092D3FD /* MovieDetailsVC */,
				5BFAAFC027FB2C6400F8BF84 /* MovieDetailsHeader */,
				5BFAAFD327FB2D0700F8BF84 /* MovieDetailsView */,
			);
			path = View;
			sourceTree = "<group>";
		};
		5BFAAFD327FB2D0700F8BF84 /* MovieDetailsView */ = {
			isa = PBXGroup;
			children = (
				5BC7152127FB55390092D3FD /* MovieDetailsView.swift */,
				5BC7152227FB55390092D3FD /* MovieDetailsView.xib */,
			);
			path = MovieDetailsView;
			sourceTree = "<group>";
		};
		8381A672F4DF0EB3E134BA44 /* Frameworks */ = {
			isa = PBXGroup;
			children = (
				E8F9BE49028EF2E19D3C765D /* Pods_IOSTask2B.framework */,
				6F99520602CC2FDA455AB693 /* Pods_IOSTask2B_IOSTask2BUITests.framework */,
				C0EBDB4032A7EB575961596A /* Pods_IOSTask2BTests.framework */,
			);
			name = Frameworks;
			sourceTree = "<group>";
		};
		E4BDCCFA6EA7E3A7902E0DF1 /* Pods */ = {
			isa = PBXGroup;
			children = (
				D0957C61ADB5B71253D207F1 /* Pods-IOSTask2B.debug.xcconfig */,
				1D6EF87196E11C99AE705DFF /* Pods-IOSTask2B.release.xcconfig */,
				443E5F04E5E13EFCC4A175C2 /* Pods-IOSTask2B-IOSTask2BUITests.debug.xcconfig */,
				F3AECEDB957F8A6CC06E658E /* Pods-IOSTask2B-IOSTask2BUITests.release.xcconfig */,
				F1FB593A12BABED4A3E3898C /* Pods-IOSTask2BTests.debug.xcconfig */,
				F16BE6E1C762DA96182B4C0C /* Pods-IOSTask2BTests.release.xcconfig */,
			);
			path = Pods;
			sourceTree = "<group>";
		};
/* End PBXGroup section */

/* Begin PBXNativeTarget section */
		5B72218D27FA33350047504C /* IOSTask2B */ = {
			isa = PBXNativeTarget;
			buildConfigurationList = 5B7221B827FA333E0047504C /* Build configuration list for PBXNativeTarget "IOSTask2B" */;
			buildPhases = (
				627E5919E56228240CD2D2B9 /* [CP] Check Pods Manifest.lock */,
				5B72218A27FA33350047504C /* Sources */,
				5B72218B27FA33350047504C /* Frameworks */,
				5B72218C27FA33350047504C /* Resources */,
			);
			buildRules = (
			);
			dependencies = (
			);
			name = IOSTask2B;
			productName = IOSTask2B;
			productReference = 5B72218E27FA33350047504C /* IOSTask2B.app */;
			productType = "com.apple.product-type.application";
		};
		5B7221A327FA333D0047504C /* IOSTask2BTests */ = {
			isa = PBXNativeTarget;
			buildConfigurationList = 5B7221BB27FA333E0047504C /* Build configuration list for PBXNativeTarget "IOSTask2BTests" */;
			buildPhases = (
				150DB1F61416A896B4FEB21D /* [CP] Check Pods Manifest.lock */,
				5B7221A027FA333D0047504C /* Sources */,
				5B7221A127FA333D0047504C /* Frameworks */,
				5B7221A227FA333D0047504C /* Resources */,
			);
			buildRules = (
			);
			dependencies = (
				5B7221A627FA333D0047504C /* PBXTargetDependency */,
			);
			name = IOSTask2BTests;
			productName = IOSTask2BTests;
			productReference = 5B7221A427FA333D0047504C /* IOSTask2BTests.xctest */;
			productType = "com.apple.product-type.bundle.unit-test";
		};
		5B7221AE27FA333E0047504C /* IOSTask2BUITests */ = {
			isa = PBXNativeTarget;
			buildConfigurationList = 5B7221BE27FA333E0047504C /* Build configuration list for PBXNativeTarget "IOSTask2BUITests" */;
			buildPhases = (
				70AC53678FFD7AE22C537C75 /* [CP] Check Pods Manifest.lock */,
				5B7221AB27FA333E0047504C /* Sources */,
				5B7221AC27FA333E0047504C /* Frameworks */,
				5B7221AD27FA333E0047504C /* Resources */,
			);
			buildRules = (
			);
			dependencies = (
				5B7221B127FA333E0047504C /* PBXTargetDependency */,
			);
			name = IOSTask2BUITests;
			productName = IOSTask2BUITests;
			productReference = 5B7221AF27FA333E0047504C /* IOSTask2BUITests.xctest */;
			productType = "com.apple.product-type.bundle.ui-testing";
		};
/* End PBXNativeTarget section */

/* Begin PBXProject section */
		5B72218627FA33350047504C /* Project object */ = {
			isa = PBXProject;
			attributes = {
				LastSwiftUpdateCheck = 1230;
				LastUpgradeCheck = 1230;
				TargetAttributes = {
					5B72218D27FA33350047504C = {
						CreatedOnToolsVersion = 12.3;
					};
					5B7221A327FA333D0047504C = {
						CreatedOnToolsVersion = 12.3;
						TestTargetID = 5B72218D27FA33350047504C;
					};
					5B7221AE27FA333E0047504C = {
						CreatedOnToolsVersion = 12.3;
						TestTargetID = 5B72218D27FA33350047504C;
					};
				};
			};
			buildConfigurationList = 5B72218927FA33350047504C /* Build configuration list for PBXProject "IOSTask2B" */;
			compatibilityVersion = "Xcode 9.3";
			developmentRegion = en;
			hasScannedForEncodings = 0;
			knownRegions = (
				en,
				Base,
			);
			mainGroup = 5B72218527FA33350047504C;
			productRefGroup = 5B72218F27FA33350047504C /* Products */;
			projectDirPath = "";
			projectRoot = "";
			targets = (
				5B72218D27FA33350047504C /* IOSTask2B */,
				5B7221A327FA333D0047504C /* IOSTask2BTests */,
				5B7221AE27FA333E0047504C /* IOSTask2BUITests */,
			);
		};
/* End PBXProject section */

/* Begin PBXResourcesBuildPhase section */
		5B72218C27FA33350047504C /* Resources */ = {
			isa = PBXResourcesBuildPhase;
			buildActionMask = 2147483647;
			files = (
				5BC7152E27FB55570092D3FD /* MovieDetailsHeader.xib in Resources */,
				5BFAAEA227FA3F9C00F8BF84 /* SearchBarView.xib in Resources */,
				5B7221E327FA37B30047504C /* movies.json in Resources */,
				5B72224E27FA3C1A0047504C /* MoviesListVC.xib in Resources */,
				5B7221ED27FA39180047504C /* MoviesListView.xib in Resources */,
				5B72219E27FA333D0047504C /* LaunchScreen.storyboard in Resources */,
				5B72219B27FA333D0047504C /* Assets.xcassets in Resources */,
				5BC7152427FB55390092D3FD /* MovieDetailsView.xib in Resources */,
				5BC714F227FB303B0092D3FD /* MovieDetailsVC.xib in Resources */,
			);
			runOnlyForDeploymentPostprocessing = 0;
		};
		5B7221A227FA333D0047504C /* Resources */ = {
			isa = PBXResourcesBuildPhase;
			buildActionMask = 2147483647;
			files = (
			);
			runOnlyForDeploymentPostprocessing = 0;
		};
		5B7221AD27FA333E0047504C /* Resources */ = {
			isa = PBXResourcesBuildPhase;
			buildActionMask = 2147483647;
			files = (
			);
			runOnlyForDeploymentPostprocessing = 0;
		};
/* End PBXResourcesBuildPhase section */

/* Begin PBXShellScriptBuildPhase section */
		150DB1F61416A896B4FEB21D /* [CP] Check Pods Manifest.lock */ = {
			isa = PBXShellScriptBuildPhase;
			buildActionMask = 2147483647;
			files = (
			);
			inputFileListPaths = (
			);
			inputPaths = (
				"${PODS_PODFILE_DIR_PATH}/Podfile.lock",
				"${PODS_ROOT}/Manifest.lock",
			);
			name = "[CP] Check Pods Manifest.lock";
			outputFileListPaths = (
			);
			outputPaths = (
				"$(DERIVED_FILE_DIR)/Pods-IOSTask2BTests-checkManifestLockResult.txt",
			);
			runOnlyForDeploymentPostprocessing = 0;
			shellPath = /bin/sh;
			shellScript = "diff \"${PODS_PODFILE_DIR_PATH}/Podfile.lock\" \"${PODS_ROOT}/Manifest.lock\" > /dev/null\nif [ $? != 0 ] ; then\n    # print error to STDERR\n    echo \"error: The sandbox is not in sync with the Podfile.lock. Run 'pod install' or update your CocoaPods installation.\" >&2\n    exit 1\nfi\n# This output is used by Xcode 'outputs' to avoid re-running this script phase.\necho \"SUCCESS\" > \"${SCRIPT_OUTPUT_FILE_0}\"\n";
			showEnvVarsInLog = 0;
		};
		627E5919E56228240CD2D2B9 /* [CP] Check Pods Manifest.lock */ = {
			isa = PBXShellScriptBuildPhase;
			buildActionMask = 2147483647;
			files = (
			);
			inputFileListPaths = (
			);
			inputPaths = (
				"${PODS_PODFILE_DIR_PATH}/Podfile.lock",
				"${PODS_ROOT}/Manifest.lock",
			);
			name = "[CP] Check Pods Manifest.lock";
			outputFileListPaths = (
			);
			outputPaths = (
				"$(DERIVED_FILE_DIR)/Pods-IOSTask2B-checkManifestLockResult.txt",
			);
			runOnlyForDeploymentPostprocessing = 0;
			shellPath = /bin/sh;
			shellScript = "diff \"${PODS_PODFILE_DIR_PATH}/Podfile.lock\" \"${PODS_ROOT}/Manifest.lock\" > /dev/null\nif [ $? != 0 ] ; then\n    # print error to STDERR\n    echo \"error: The sandbox is not in sync with the Podfile.lock. Run 'pod install' or update your CocoaPods installation.\" >&2\n    exit 1\nfi\n# This output is used by Xcode 'outputs' to avoid re-running this script phase.\necho \"SUCCESS\" > \"${SCRIPT_OUTPUT_FILE_0}\"\n";
			showEnvVarsInLog = 0;
		};
		70AC53678FFD7AE22C537C75 /* [CP] Check Pods Manifest.lock */ = {
			isa = PBXShellScriptBuildPhase;
			buildActionMask = 2147483647;
			files = (
			);
			inputFileListPaths = (
			);
			inputPaths = (
				"${PODS_PODFILE_DIR_PATH}/Podfile.lock",
				"${PODS_ROOT}/Manifest.lock",
			);
			name = "[CP] Check Pods Manifest.lock";
			outputFileListPaths = (
			);
			outputPaths = (
				"$(DERIVED_FILE_DIR)/Pods-IOSTask2B-IOSTask2BUITests-checkManifestLockResult.txt",
			);
			runOnlyForDeploymentPostprocessing = 0;
			shellPath = /bin/sh;
			shellScript = "diff \"${PODS_PODFILE_DIR_PATH}/Podfile.lock\" \"${PODS_ROOT}/Manifest.lock\" > /dev/null\nif [ $? != 0 ] ; then\n    # print error to STDERR\n    echo \"error: The sandbox is not in sync with the Podfile.lock. Run 'pod install' or update your CocoaPods installation.\" >&2\n    exit 1\nfi\n# This output is used by Xcode 'outputs' to avoid re-running this script phase.\necho \"SUCCESS\" > \"${SCRIPT_OUTPUT_FILE_0}\"\n";
			showEnvVarsInLog = 0;
		};
/* End PBXShellScriptBuildPhase section */

/* Begin PBXSourcesBuildPhase section */
		5B72218A27FA33350047504C /* Sources */ = {
			isa = PBXSourcesBuildPhase;
			buildActionMask = 2147483647;
			files = (
				5BFAAEFE27FB170E00F8BF84 /* MoviesListRouter.swift in Sources */,
				5BFAAF0327FB192700F8BF84 /* MoviesListDelegate.swift in Sources */,
				5BFAAEA727FA409700F8BF84 /* LocalDataReader.swift in Sources */,
				5B72224D27FA3C1A0047504C /* MoviesListVC.swift in Sources */,
				5BFAAEB827FA420600F8BF84 /* StorageHandlerProtocol.swift in Sources */,
				5BC714F127FB303B0092D3FD /* MovieDetailsVC.swift in Sources */,
				5BFAAEF927FB15F400F8BF84 /* MoviesListRoutingProtocol.swift in Sources */,
				5BFAAEAC27FA412B00F8BF84 /* Movies.swift in Sources */,
				5BFAAEE727FA758100F8BF84 /* MoviesCategories.swift in Sources */,
				5BFAAECB27FA45B300F8BF84 /* MoviesListProtocol.swift in Sources */,
				5B7221E827FA390A0047504C /* MoviesListView.swift in Sources */,
				5BC7154827FB692B0092D3FD /* MovieDetails.swift in Sources */,
				5BFAAEC627FA44BB00F8BF84 /* MoviesListPresenterProtocol.swift in Sources */,
				5BC7152D27FB55570092D3FD /* MovieDetailsHeader.swift in Sources */,
				5B72224327FA39F00047504C /* ReusableViewProtocol.swift in Sources */,
				5B72219227FA33350047504C /* AppDelegate.swift in Sources */,
				5BC7152327FB55390092D3FD /* MovieDetailsView.swift in Sources */,
				5BFAAEBD27FA43F800F8BF84 /* MoviesListPresenter.swift in Sources */,
				5BC7155127FB6A1D0092D3FD /* MovieDetailsPresenterProtocol.swift in Sources */,
				5BFAAED327FA51D600F8BF84 /* AppRouter.swift in Sources */,
				5BC7153F27FB68060092D3FD /* MovieDetailsViewProtocol.swift in Sources */,
				5BC7153327FB67A20092D3FD /* MovieDetailsPresenter.swift in Sources */,
				5B72226327FA3DAB0047504C /* SearchBarView.swift in Sources */,
				5B72219427FA33350047504C /* SceneDelegate.swift in Sources */,
				5BFAAEE227FA651C00F8BF84 /* SearchViewDelegate.swift in Sources */,
			);
			runOnlyForDeploymentPostprocessing = 0;
		};
		5B7221A027FA333D0047504C /* Sources */ = {
			isa = PBXSourcesBuildPhase;
			buildActionMask = 2147483647;
			files = (
				5B7221A927FA333D0047504C /* IOSTask2BTests.swift in Sources */,
			);
			runOnlyForDeploymentPostprocessing = 0;
		};
		5B7221AB27FA333E0047504C /* Sources */ = {
			isa = PBXSourcesBuildPhase;
			buildActionMask = 2147483647;
			files = (
				5B7221B427FA333E0047504C /* IOSTask2BUITests.swift in Sources */,
			);
			runOnlyForDeploymentPostprocessing = 0;
		};
/* End PBXSourcesBuildPhase section */

/* Begin PBXTargetDependency section */
		5B7221A627FA333D0047504C /* PBXTargetDependency */ = {
			isa = PBXTargetDependency;
			target = 5B72218D27FA33350047504C /* IOSTask2B */;
			targetProxy = 5B7221A527FA333D0047504C /* PBXContainerItemProxy */;
		};
		5B7221B127FA333E0047504C /* PBXTargetDependency */ = {
			isa = PBXTargetDependency;
			target = 5B72218D27FA33350047504C /* IOSTask2B */;
			targetProxy = 5B7221B027FA333E0047504C /* PBXContainerItemProxy */;
		};
/* End PBXTargetDependency section */

/* Begin PBXVariantGroup section */
		5B72219C27FA333D0047504C /* LaunchScreen.storyboard */ = {
			isa = PBXVariantGroup;
			children = (
				5B72219D27FA333D0047504C /* Base */,
			);
			name = LaunchScreen.storyboard;
			sourceTree = "<group>";
		};
/* End PBXVariantGroup section */

/* Begin XCBuildConfiguration section */
		5B7221B627FA333E0047504C /* Debug */ = {
			isa = XCBuildConfiguration;
			buildSettings = {
				ALWAYS_SEARCH_USER_PATHS = NO;
				CLANG_ANALYZER_NONNULL = YES;
				CLANG_ANALYZER_NUMBER_OBJECT_CONVERSION = YES_AGGRESSIVE;
				CLANG_CXX_LANGUAGE_STANDARD = "gnu++14";
				CLANG_CXX_LIBRARY = "libc++";
				CLANG_ENABLE_MODULES = YES;
				CLANG_ENABLE_OBJC_ARC = YES;
				CLANG_ENABLE_OBJC_WEAK = YES;
				CLANG_WARN_BLOCK_CAPTURE_AUTORELEASING = YES;
				CLANG_WARN_BOOL_CONVERSION = YES;
				CLANG_WARN_COMMA = YES;
				CLANG_WARN_CONSTANT_CONVERSION = YES;
				CLANG_WARN_DEPRECATED_OBJC_IMPLEMENTATIONS = YES;
				CLANG_WARN_DIRECT_OBJC_ISA_USAGE = YES_ERROR;
				CLANG_WARN_DOCUMENTATION_COMMENTS = YES;
				CLANG_WARN_EMPTY_BODY = YES;
				CLANG_WARN_ENUM_CONVERSION = YES;
				CLANG_WARN_INFINITE_RECURSION = YES;
				CLANG_WARN_INT_CONVERSION = YES;
				CLANG_WARN_NON_LITERAL_NULL_CONVERSION = YES;
				CLANG_WARN_OBJC_IMPLICIT_RETAIN_SELF = YES;
				CLANG_WARN_OBJC_LITERAL_CONVERSION = YES;
				CLANG_WARN_OBJC_ROOT_CLASS = YES_ERROR;
				CLANG_WARN_QUOTED_INCLUDE_IN_FRAMEWORK_HEADER = YES;
				CLANG_WARN_RANGE_LOOP_ANALYSIS = YES;
				CLANG_WARN_STRICT_PROTOTYPES = YES;
				CLANG_WARN_SUSPICIOUS_MOVE = YES;
				CLANG_WARN_UNGUARDED_AVAILABILITY = YES_AGGRESSIVE;
				CLANG_WARN_UNREACHABLE_CODE = YES;
				CLANG_WARN__DUPLICATE_METHOD_MATCH = YES;
				COPY_PHASE_STRIP = NO;
				DEBUG_INFORMATION_FORMAT = dwarf;
				ENABLE_STRICT_OBJC_MSGSEND = YES;
				ENABLE_TESTABILITY = YES;
				GCC_C_LANGUAGE_STANDARD = gnu11;
				GCC_DYNAMIC_NO_PIC = NO;
				GCC_NO_COMMON_BLOCKS = YES;
				GCC_OPTIMIZATION_LEVEL = 0;
				GCC_PREPROCESSOR_DEFINITIONS = (
					"DEBUG=1",
					"$(inherited)",
				);
				GCC_WARN_64_TO_32_BIT_CONVERSION = YES;
				GCC_WARN_ABOUT_RETURN_TYPE = YES_ERROR;
				GCC_WARN_UNDECLARED_SELECTOR = YES;
				GCC_WARN_UNINITIALIZED_AUTOS = YES_AGGRESSIVE;
				GCC_WARN_UNUSED_FUNCTION = YES;
				GCC_WARN_UNUSED_VARIABLE = YES;
				IPHONEOS_DEPLOYMENT_TARGET = 14.3;
				MTL_ENABLE_DEBUG_INFO = INCLUDE_SOURCE;
				MTL_FAST_MATH = YES;
				ONLY_ACTIVE_ARCH = YES;
				SDKROOT = iphoneos;
				SWIFT_ACTIVE_COMPILATION_CONDITIONS = DEBUG;
				SWIFT_OPTIMIZATION_LEVEL = "-Onone";
			};
			name = Debug;
		};
		5B7221B727FA333E0047504C /* Release */ = {
			isa = XCBuildConfiguration;
			buildSettings = {
				ALWAYS_SEARCH_USER_PATHS = NO;
				CLANG_ANALYZER_NONNULL = YES;
				CLANG_ANALYZER_NUMBER_OBJECT_CONVERSION = YES_AGGRESSIVE;
				CLANG_CXX_LANGUAGE_STANDARD = "gnu++14";
				CLANG_CXX_LIBRARY = "libc++";
				CLANG_ENABLE_MODULES = YES;
				CLANG_ENABLE_OBJC_ARC = YES;
				CLANG_ENABLE_OBJC_WEAK = YES;
				CLANG_WARN_BLOCK_CAPTURE_AUTORELEASING = YES;
				CLANG_WARN_BOOL_CONVERSION = YES;
				CLANG_WARN_COMMA = YES;
				CLANG_WARN_CONSTANT_CONVERSION = YES;
				CLANG_WARN_DEPRECATED_OBJC_IMPLEMENTATIONS = YES;
				CLANG_WARN_DIRECT_OBJC_ISA_USAGE = YES_ERROR;
				CLANG_WARN_DOCUMENTATION_COMMENTS = YES;
				CLANG_WARN_EMPTY_BODY = YES;
				CLANG_WARN_ENUM_CONVERSION = YES;
				CLANG_WARN_INFINITE_RECURSION = YES;
				CLANG_WARN_INT_CONVERSION = YES;
				CLANG_WARN_NON_LITERAL_NULL_CONVERSION = YES;
				CLANG_WARN_OBJC_IMPLICIT_RETAIN_SELF = YES;
				CLANG_WARN_OBJC_LITERAL_CONVERSION = YES;
				CLANG_WARN_OBJC_ROOT_CLASS = YES_ERROR;
				CLANG_WARN_QUOTED_INCLUDE_IN_FRAMEWORK_HEADER = YES;
				CLANG_WARN_RANGE_LOOP_ANALYSIS = YES;
				CLANG_WARN_STRICT_PROTOTYPES = YES;
				CLANG_WARN_SUSPICIOUS_MOVE = YES;
				CLANG_WARN_UNGUARDED_AVAILABILITY = YES_AGGRESSIVE;
				CLANG_WARN_UNREACHABLE_CODE = YES;
				CLANG_WARN__DUPLICATE_METHOD_MATCH = YES;
				COPY_PHASE_STRIP = NO;
				DEBUG_INFORMATION_FORMAT = "dwarf-with-dsym";
				ENABLE_NS_ASSERTIONS = NO;
				ENABLE_STRICT_OBJC_MSGSEND = YES;
				GCC_C_LANGUAGE_STANDARD = gnu11;
				GCC_NO_COMMON_BLOCKS = YES;
				GCC_WARN_64_TO_32_BIT_CONVERSION = YES;
				GCC_WARN_ABOUT_RETURN_TYPE = YES_ERROR;
				GCC_WARN_UNDECLARED_SELECTOR = YES;
				GCC_WARN_UNINITIALIZED_AUTOS = YES_AGGRESSIVE;
				GCC_WARN_UNUSED_FUNCTION = YES;
				GCC_WARN_UNUSED_VARIABLE = YES;
				IPHONEOS_DEPLOYMENT_TARGET = 14.3;
				MTL_ENABLE_DEBUG_INFO = NO;
				MTL_FAST_MATH = YES;
				SDKROOT = iphoneos;
				SWIFT_COMPILATION_MODE = wholemodule;
				SWIFT_OPTIMIZATION_LEVEL = "-O";
				VALIDATE_PRODUCT = YES;
			};
			name = Release;
		};
		5B7221B927FA333E0047504C /* Debug */ = {
			isa = XCBuildConfiguration;
			baseConfigurationReference = D0957C61ADB5B71253D207F1 /* Pods-IOSTask2B.debug.xcconfig */;
			buildSettings = {
				ASSETCATALOG_COMPILER_APPICON_NAME = AppIcon;
				ASSETCATALOG_COMPILER_GLOBAL_ACCENT_COLOR_NAME = AccentColor;
				CODE_SIGN_STYLE = Automatic;
				DEVELOPMENT_TEAM = N3H6G9NC2G;
				INFOPLIST_FILE = IOSTask2B/SupportingFiles/Info.plist;
				IPHONEOS_DEPLOYMENT_TARGET = 12.0;
				LD_RUNPATH_SEARCH_PATHS = (
					"$(inherited)",
					"@executable_path/Frameworks",
				);
				PRODUCT_BUNDLE_IDENTIFIER = com.elsaadany.IOSTask2B;
				PRODUCT_NAME = "$(TARGET_NAME)";
				SWIFT_VERSION = 5.0;
				TARGETED_DEVICE_FAMILY = 1;
			};
			name = Debug;
		};
		5B7221BA27FA333E0047504C /* Release */ = {
			isa = XCBuildConfiguration;
			baseConfigurationReference = 1D6EF87196E11C99AE705DFF /* Pods-IOSTask2B.release.xcconfig */;
			buildSettings = {
				ASSETCATALOG_COMPILER_APPICON_NAME = AppIcon;
				ASSETCATALOG_COMPILER_GLOBAL_ACCENT_COLOR_NAME = AccentColor;
				CODE_SIGN_STYLE = Automatic;
				DEVELOPMENT_TEAM = N3H6G9NC2G;
				INFOPLIST_FILE = IOSTask2B/SupportingFiles/Info.plist;
				IPHONEOS_DEPLOYMENT_TARGET = 12.0;
				LD_RUNPATH_SEARCH_PATHS = (
					"$(inherited)",
					"@executable_path/Frameworks",
				);
				PRODUCT_BUNDLE_IDENTIFIER = com.elsaadany.IOSTask2B;
				PRODUCT_NAME = "$(TARGET_NAME)";
				SWIFT_VERSION = 5.0;
				TARGETED_DEVICE_FAMILY = 1;
			};
			name = Release;
		};
		5B7221BC27FA333E0047504C /* Debug */ = {
			isa = XCBuildConfiguration;
			baseConfigurationReference = F1FB593A12BABED4A3E3898C /* Pods-IOSTask2BTests.debug.xcconfig */;
			buildSettings = {
				ALWAYS_EMBED_SWIFT_STANDARD_LIBRARIES = YES;
				BUNDLE_LOADER = "$(TEST_HOST)";
				CODE_SIGN_STYLE = Automatic;
				DEVELOPMENT_TEAM = N3H6G9NC2G;
				INFOPLIST_FILE = IOSTask2BTests/Info.plist;
				IPHONEOS_DEPLOYMENT_TARGET = 14.3;
				LD_RUNPATH_SEARCH_PATHS = (
					"$(inherited)",
					"@executable_path/Frameworks",
					"@loader_path/Frameworks",
				);
				PRODUCT_BUNDLE_IDENTIFIER = com.elsaadany.IOSTask2BTests;
				PRODUCT_NAME = "$(TARGET_NAME)";
				SWIFT_VERSION = 5.0;
				TARGETED_DEVICE_FAMILY = "1,2";
				TEST_HOST = "$(BUILT_PRODUCTS_DIR)/IOSTask2B.app/IOSTask2B";
			};
			name = Debug;
		};
		5B7221BD27FA333E0047504C /* Release */ = {
			isa = XCBuildConfiguration;
			baseConfigurationReference = F16BE6E1C762DA96182B4C0C /* Pods-IOSTask2BTests.release.xcconfig */;
			buildSettings = {
				ALWAYS_EMBED_SWIFT_STANDARD_LIBRARIES = YES;
				BUNDLE_LOADER = "$(TEST_HOST)";
				CODE_SIGN_STYLE = Automatic;
				DEVELOPMENT_TEAM = N3H6G9NC2G;
				INFOPLIST_FILE = IOSTask2BTests/Info.plist;
				IPHONEOS_DEPLOYMENT_TARGET = 14.3;
				LD_RUNPATH_SEARCH_PATHS = (
					"$(inherited)",
					"@executable_path/Frameworks",
					"@loader_path/Frameworks",
				);
				PRODUCT_BUNDLE_IDENTIFIER = com.elsaadany.IOSTask2BTests;
				PRODUCT_NAME = "$(TARGET_NAME)";
				SWIFT_VERSION = 5.0;
				TARGETED_DEVICE_FAMILY = "1,2";
				TEST_HOST = "$(BUILT_PRODUCTS_DIR)/IOSTask2B.app/IOSTask2B";
			};
			name = Release;
		};
		5B7221BF27FA333E0047504C /* Debug */ = {
			isa = XCBuildConfiguration;
			baseConfigurationReference = 443E5F04E5E13EFCC4A175C2 /* Pods-IOSTask2B-IOSTask2BUITests.debug.xcconfig */;
			buildSettings = {
				ALWAYS_EMBED_SWIFT_STANDARD_LIBRARIES = YES;
				CODE_SIGN_STYLE = Automatic;
				DEVELOPMENT_TEAM = N3H6G9NC2G;
				INFOPLIST_FILE = IOSTask2BUITests/Info.plist;
				LD_RUNPATH_SEARCH_PATHS = (
					"$(inherited)",
					"@executable_path/Frameworks",
					"@loader_path/Frameworks",
				);
				PRODUCT_BUNDLE_IDENTIFIER = com.elsaadany.IOSTask2BUITests;
				PRODUCT_NAME = "$(TARGET_NAME)";
				SWIFT_VERSION = 5.0;
				TARGETED_DEVICE_FAMILY = "1,2";
				TEST_TARGET_NAME = IOSTask2B;
			};
			name = Debug;
		};
		5B7221C027FA333E0047504C /* Release */ = {
			isa = XCBuildConfiguration;
			baseConfigurationReference = F3AECEDB957F8A6CC06E658E /* Pods-IOSTask2B-IOSTask2BUITests.release.xcconfig */;
			buildSettings = {
				ALWAYS_EMBED_SWIFT_STANDARD_LIBRARIES = YES;
				CODE_SIGN_STYLE = Automatic;
				DEVELOPMENT_TEAM = N3H6G9NC2G;
				INFOPLIST_FILE = IOSTask2BUITests/Info.plist;
				LD_RUNPATH_SEARCH_PATHS = (
					"$(inherited)",
					"@executable_path/Frameworks",
					"@loader_path/Frameworks",
				);
				PRODUCT_BUNDLE_IDENTIFIER = com.elsaadany.IOSTask2BUITests;
				PRODUCT_NAME = "$(TARGET_NAME)";
				SWIFT_VERSION = 5.0;
				TARGETED_DEVICE_FAMILY = "1,2";
				TEST_TARGET_NAME = IOSTask2B;
			};
			name = Release;
		};
/* End XCBuildConfiguration section */

/* Begin XCConfigurationList section */
		5B72218927FA33350047504C /* Build configuration list for PBXProject "IOSTask2B" */ = {
			isa = XCConfigurationList;
			buildConfigurations = (
				5B7221B627FA333E0047504C /* Debug */,
				5B7221B727FA333E0047504C /* Release */,
			);
			defaultConfigurationIsVisible = 0;
			defaultConfigurationName = Release;
		};
		5B7221B827FA333E0047504C /* Build configuration list for PBXNativeTarget "IOSTask2B" */ = {
			isa = XCConfigurationList;
			buildConfigurations = (
				5B7221B927FA333E0047504C /* Debug */,
				5B7221BA27FA333E0047504C /* Release */,
			);
			defaultConfigurationIsVisible = 0;
			defaultConfigurationName = Release;
		};
		5B7221BB27FA333E0047504C /* Build configuration list for PBXNativeTarget "IOSTask2BTests" */ = {
			isa = XCConfigurationList;
			buildConfigurations = (
				5B7221BC27FA333E0047504C /* Debug */,
				5B7221BD27FA333E0047504C /* Release */,
			);
			defaultConfigurationIsVisible = 0;
			defaultConfigurationName = Release;
		};
		5B7221BE27FA333E0047504C /* Build configuration list for PBXNativeTarget "IOSTask2BUITests" */ = {
			isa = XCConfigurationList;
			buildConfigurations = (
				5B7221BF27FA333E0047504C /* Debug */,
				5B7221C027FA333E0047504C /* Release */,
			);
			defaultConfigurationIsVisible = 0;
			defaultConfigurationName = Release;
		};
/* End XCConfigurationList section */
	};
	rootObject = 5B72218627FA33350047504C /* Project object */;
}
